// !$*UTF8*$!
{
	archiveVersion = 1;
	classes = {
	};
	objectVersion = 46;
	objects = {

/* Begin PBXBuildFile section */
		D17646701A6ABAF90074999B /* main.m in Sources */ = {isa = PBXBuildFile; fileRef = D176466F1A6ABAF90074999B /* main.m */; };
		D17646731A6ABAF90074999B /* AppDelegate.m in Sources */ = {isa = PBXBuildFile; fileRef = D17646721A6ABAF90074999B /* AppDelegate.m */; };
		D17646761A6ABAF90074999B /* Welcome.m in Sources */ = {isa = PBXBuildFile; fileRef = D17646751A6ABAF90074999B /* Welcome.m */; };
		D17646791A6ABAF90074999B /* Main.storyboard in Resources */ = {isa = PBXBuildFile; fileRef = D17646771A6ABAF90074999B /* Main.storyboard */; };
		D176467B1A6ABAF90074999B /* Images.xcassets in Resources */ = {isa = PBXBuildFile; fileRef = D176467A1A6ABAF90074999B /* Images.xcassets */; };
		D176467E1A6ABAF90074999B /* LaunchScreen.xib in Resources */ = {isa = PBXBuildFile; fileRef = D176467C1A6ABAF90074999B /* LaunchScreen.xib */; };
		D176468A1A6ABAF90074999B /* OaxacaTests.m in Sources */ = {isa = PBXBuildFile; fileRef = D17646891A6ABAF90074999B /* OaxacaTests.m */; };
/* End PBXBuildFile section */

/* Begin PBXContainerItemProxy section */
		D17646841A6ABAF90074999B /* PBXContainerItemProxy */ = {
			isa = PBXContainerItemProxy;
			containerPortal = D17646621A6ABAF90074999B /* Project object */;
			proxyType = 1;
			remoteGlobalIDString = D17646691A6ABAF90074999B;
			remoteInfo = Oaxaca;
		};
/* End PBXContainerItemProxy section */

/* Begin PBXFileReference section */
		D176466A1A6ABAF90074999B /* Oaxaca.app */ = {isa = PBXFileReference; explicitFileType = wrapper.application; includeInIndex = 0; path = Oaxaca.app; sourceTree = BUILT_PRODUCTS_DIR; };
		D176466E1A6ABAF90074999B /* Info.plist */ = {isa = PBXFileReference; lastKnownFileType = text.plist.xml; path = Info.plist; sourceTree = "<group>"; };
		D176466F1A6ABAF90074999B /* main.m */ = {isa = PBXFileReference; lastKnownFileType = sourcecode.c.objc; path = main.m; sourceTree = "<group>"; };
		D17646711A6ABAF90074999B /* AppDelegate.h */ = {isa = PBXFileReference; lastKnownFileType = sourcecode.c.h; path = AppDelegate.h; sourceTree = "<group>"; };
		D17646721A6ABAF90074999B /* AppDelegate.m */ = {isa = PBXFileReference; lastKnownFileType = sourcecode.c.objc; path = AppDelegate.m; sourceTree = "<group>"; };
		D17646741A6ABAF90074999B /* Welcome.h */ = {isa = PBXFileReference; lastKnownFileType = sourcecode.c.h; path = Welcome.h; sourceTree = "<group>"; };
		D17646751A6ABAF90074999B /* Welcome.m */ = {isa = PBXFileReference; lastKnownFileType = sourcecode.c.objc; path = Welcome.m; sourceTree = "<group>"; };
		D17646781A6ABAF90074999B /* Base */ = {isa = PBXFileReference; lastKnownFileType = file.storyboard; name = Base; path = Base.lproj/Main.storyboard; sourceTree = "<group>"; };
		D176467A1A6ABAF90074999B /* Images.xcassets */ = {isa = PBXFileReference; lastKnownFileType = folder.assetcatalog; path = Images.xcassets; sourceTree = "<group>"; };
		D176467D1A6ABAF90074999B /* Base */ = {isa = PBXFileReference; lastKnownFileType = file.xib; name = Base; path = Base.lproj/LaunchScreen.xib; sourceTree = "<group>"; };
		D17646831A6ABAF90074999B /* OaxacaTests.xctest */ = {isa = PBXFileReference; explicitFileType = wrapper.cfbundle; includeInIndex = 0; path = OaxacaTests.xctest; sourceTree = BUILT_PRODUCTS_DIR; };
		D17646881A6ABAF90074999B /* Info.plist */ = {isa = PBXFileReference; lastKnownFileType = text.plist.xml; path = Info.plist; sourceTree = "<group>"; };
		D17646891A6ABAF90074999B /* OaxacaTests.m */ = {isa = PBXFileReference; lastKnownFileType = sourcecode.c.objc; path = OaxacaTests.m; sourceTree = "<group>"; };
/* End PBXFileReference section */

/* Begin PBXFrameworksBuildPhase section */
		D17646671A6ABAF90074999B /* Frameworks */ = {
			isa = PBXFrameworksBuildPhase;
			buildActionMask = 2147483647;
			files = (
			);
			runOnlyForDeploymentPostprocessing = 0;
		};
		D17646801A6ABAF90074999B /* Frameworks */ = {
			isa = PBXFrameworksBuildPhase;
			buildActionMask = 2147483647;
			files = (
			);
			runOnlyForDeploymentPostprocessing = 0;
		};
/* End PBXFrameworksBuildPhase section */

/* Begin PBXGroup section */
		D17646611A6ABAF90074999B = {
			isa = PBXGroup;
			children = (
				D176466C1A6ABAF90074999B /* Oaxaca */,
				D17646861A6ABAF90074999B /* OaxacaTests */,
				D176466B1A6ABAF90074999B /* Products */,
			);
			sourceTree = "<group>";
		};
		D176466B1A6ABAF90074999B /* Products */ = {
			isa = PBXGroup;
			children = (
				D176466A1A6ABAF90074999B /* Oaxaca.app */,
				D17646831A6ABAF90074999B /* OaxacaTests.xctest */,
			);
			name = Products;
			sourceTree = "<group>";
		};
		D176466C1A6ABAF90074999B /* Oaxaca */ = {
			isa = PBXGroup;
			children = (
				D17646711A6ABAF90074999B /* AppDelegate.h */,
				D17646721A6ABAF90074999B /* AppDelegate.m */,
				D17646741A6ABAF90074999B /* Welcome.h */,
				D17646751A6ABAF90074999B /* Welcome.m */,
				D17646771A6ABAF90074999B /* Main.storyboard */,
				D176467A1A6ABAF90074999B /* Images.xcassets */,
				D176467C1A6ABAF90074999B /* LaunchScreen.xib */,
				D176466D1A6ABAF90074999B /* Supporting Files */,
			);
			path = Oaxaca;
			sourceTree = "<group>";
		};
		D176466D1A6ABAF90074999B /* Supporting Files */ = {
			isa = PBXGroup;
			children = (
				D176466E1A6ABAF90074999B /* Info.plist */,
				D176466F1A6ABAF90074999B /* main.m */,
			);
			name = "Supporting Files";
			sourceTree = "<group>";
		};
		D17646861A6ABAF90074999B /* OaxacaTests */ = {
			isa = PBXGroup;
			children = (
				D17646891A6ABAF90074999B /* OaxacaTests.m */,
				D17646871A6ABAF90074999B /* Supporting Files */,
			);
			path = OaxacaTests;
			sourceTree = "<group>";
		};
		D17646871A6ABAF90074999B /* Supporting Files */ = {
			isa = PBXGroup;
			children = (
				D17646881A6ABAF90074999B /* Info.plist */,
			);
			name = "Supporting Files";
			sourceTree = "<group>";
		};
/* End PBXGroup section */

/* Begin PBXNativeTarget section */
		D17646691A6ABAF90074999B /* Oaxaca */ = {
			isa = PBXNativeTarget;
			buildConfigurationList = D176468D1A6ABAF90074999B /* Build configuration list for PBXNativeTarget "Oaxaca" */;
			buildPhases = (
				D17646661A6ABAF90074999B /* Sources */,
				D17646671A6ABAF90074999B /* Frameworks */,
				D17646681A6ABAF90074999B /* Resources */,
			);
			buildRules = (
			);
			dependencies = (
			);
			name = Oaxaca;
			productName = Oaxaca;
			productReference = D176466A1A6ABAF90074999B /* Oaxaca.app */;
			productType = "com.apple.product-type.application";
		};
		D17646821A6ABAF90074999B /* OaxacaTests */ = {
			isa = PBXNativeTarget;
			buildConfigurationList = D17646901A6ABAF90074999B /* Build configuration list for PBXNativeTarget "OaxacaTests" */;
			buildPhases = (
				D176467F1A6ABAF90074999B /* Sources */,
				D17646801A6ABAF90074999B /* Frameworks */,
				D17646811A6ABAF90074999B /* Resources */,
			);
			buildRules = (
			);
			dependencies = (
				D17646851A6ABAF90074999B /* PBXTargetDependency */,
			);
			name = OaxacaTests;
			productName = OaxacaTests;
			productReference = D17646831A6ABAF90074999B /* OaxacaTests.xctest */;
			productType = "com.apple.product-type.bundle.unit-test";
		};
/* End PBXNativeTarget section */

/* Begin PBXProject section */
		D17646621A6ABAF90074999B /* Project object */ = {
			isa = PBXProject;
			attributes = {
				LastUpgradeCheck = 0610;
				ORGANIZATIONNAME = Smartplace;
				TargetAttributes = {
					D17646691A6ABAF90074999B = {
						CreatedOnToolsVersion = 6.1.1;
					};
					D17646821A6ABAF90074999B = {
						CreatedOnToolsVersion = 6.1.1;
						TestTargetID = D17646691A6ABAF90074999B;
					};
				};
			};
			buildConfigurationList = D17646651A6ABAF90074999B /* Build configuration list for PBXProject "Oaxaca" */;
			compatibilityVersion = "Xcode 3.2";
			developmentRegion = English;
			hasScannedForEncodings = 0;
			knownRegions = (
				en,
				Base,
			);
			mainGroup = D17646611A6ABAF90074999B;
			productRefGroup = D176466B1A6ABAF90074999B /* Products */;
			projectDirPath = "";
			projectRoot = "";
			targets = (
				D17646691A6ABAF90074999B /* Oaxaca */,
				D17646821A6ABAF90074999B /* OaxacaTests */,
			);
		};
/* End PBXProject section */

/* Begin PBXResourcesBuildPhase section */
		D17646681A6ABAF90074999B /* Resources */ = {
			isa = PBXResourcesBuildPhase;
			buildActionMask = 2147483647;
			files = (
				D17646791A6ABAF90074999B /* Main.storyboard in Resources */,
				D176467E1A6ABAF90074999B /* LaunchScreen.xib in Resources */,
				D176467B1A6ABAF90074999B /* Images.xcassets in Resources */,
			);
			runOnlyForDeploymentPostprocessing = 0;
		};
		D17646811A6ABAF90074999B /* Resources */ = {
			isa = PBXResourcesBuildPhase;
			buildActionMask = 2147483647;
			files = (
			);
			runOnlyForDeploymentPostprocessing = 0;
		};
/* End PBXResourcesBuildPhase section */

/* Begin PBXSourcesBuildPhase section */
		D17646661A6ABAF90074999B /* Sources */ = {
			isa = PBXSourcesBuildPhase;
			buildActionMask = 2147483647;
			files = (
				D17646761A6ABAF90074999B /* Welcome.m in Sources */,
				D17646731A6ABAF90074999B /* AppDelegate.m in Sources */,
				D17646701A6ABAF90074999B /* main.m in Sources */,
			);
			runOnlyForDeploymentPostprocessing = 0;
		};
		D176467F1A6ABAF90074999B /* Sources */ = {
			isa = PBXSourcesBuildPhase;
			buildActionMask = 2147483647;
			files = (
				D176468A1A6ABAF90074999B /* OaxacaTests.m in Sources */,
			);
			runOnlyForDeploymentPostprocessing = 0;
		};
/* End PBXSourcesBuildPhase section */

/* Begin PBXTargetDependency section */
		D17646851A6ABAF90074999B /* PBXTargetDependency */ = {
			isa = PBXTargetDependency;
			target = D17646691A6ABAF90074999B /* Oaxaca */;
			targetProxy = D17646841A6ABAF90074999B /* PBXContainerItemProxy */;
		};
/* End PBXTargetDependency section */

/* Begin PBXVariantGroup section */
		D17646771A6ABAF90074999B /* Main.storyboard */ = {
			isa = PBXVariantGroup;
			children = (
				D17646781A6ABAF90074999B /* Base */,
			);
			name = Main.storyboard;
			sourceTree = "<group>";
		};
		D176467C1A6ABAF90074999B /* LaunchScreen.xib */ = {
			isa = PBXVariantGroup;
			children = (
				D176467D1A6ABAF90074999B /* Base */,
			);
			name = LaunchScreen.xib;
			sourceTree = "<group>";
		};
/* End PBXVariantGroup section */

/* Begin XCBuildConfiguration section */
		D176468B1A6ABAF90074999B /* Debug */ = {
			isa = XCBuildConfiguration;
			buildSettings = {
				ALWAYS_SEARCH_USER_PATHS = NO;
				CLANG_CXX_LANGUAGE_STANDARD = "gnu++0x";
				CLANG_CXX_LIBRARY = "libc++";
				CLANG_ENABLE_MODULES = YES;
				CLANG_ENABLE_OBJC_ARC = YES;
				CLANG_WARN_BOOL_CONVERSION = YES;
				CLANG_WARN_CONSTANT_CONVERSION = YES;
				CLANG_WARN_DIRECT_OBJC_ISA_USAGE = YES_ERROR;
				CLANG_WARN_EMPTY_BODY = YES;
				CLANG_WARN_ENUM_CONVERSION = YES;
				CLANG_WARN_INT_CONVERSION = YES;
				CLANG_WARN_OBJC_ROOT_CLASS = YES_ERROR;
				CLANG_WARN_UNREACHABLE_CODE = YES;
				CLANG_WARN__DUPLICATE_METHOD_MATCH = YES;
				"CODE_SIGN_IDENTITY[sdk=iphoneos*]" = "iPhone Developer";
				COPY_PHASE_STRIP = NO;
				ENABLE_STRICT_OBJC_MSGSEND = YES;
				GCC_C_LANGUAGE_STANDARD = gnu99;
				GCC_DYNAMIC_NO_PIC = NO;
				GCC_OPTIMIZATION_LEVEL = 0;
				GCC_PREPROCESSOR_DEFINITIONS = (
					"DEBUG=1",
					"$(inherited)",
				);
				GCC_SYMBOLS_PRIVATE_EXTERN = NO;
				GCC_WARN_64_TO_32_BIT_CONVERSION = YES;
				GCC_WARN_ABOUT_RETURN_TYPE = YES_ERROR;
				GCC_WARN_UNDECLARED_SELECTOR = YES;
				GCC_WARN_UNINITIALIZED_AUTOS = YES_AGGRESSIVE;
				GCC_WARN_UNUSED_FUNCTION = YES;
				GCC_WARN_UNUSED_VARIABLE = YES;
				IPHONEOS_DEPLOYMENT_TARGET = 8.1;
				MTL_ENABLE_DEBUG_INFO = YES;
				ONLY_ACTIVE_ARCH = YES;
				SDKROOT = iphoneos;
			};
			name = Debug;
		};
		D176468C1A6ABAF90074999B /* Release */ = {
			isa = XCBuildConfiguration;
			buildSettings = {
				ALWAYS_SEARCH_USER_PATHS = NO;
				CLANG_CXX_LANGUAGE_STANDARD = "gnu++0x";
				CLANG_CXX_LIBRARY = "libc++";
				CLANG_ENABLE_MODULES = YES;
				CLANG_ENABLE_OBJC_ARC = YES;
				CLANG_WARN_BOOL_CONVERSION = YES;
				CLANG_WARN_CONSTANT_CONVERSION = YES;
				CLANG_WARN_DIRECT_OBJC_ISA_USAGE = YES_ERROR;
				CLANG_WARN_EMPTY_BODY = YES;
				CLANG_WARN_ENUM_CONVERSION = YES;
				CLANG_WARN_INT_CONVERSION = YES;
				CLANG_WARN_OBJC_ROOT_CLASS = YES_ERROR;
				CLANG_WARN_UNREACHABLE_CODE = YES;
				CLANG_WARN__DUPLICATE_METHOD_MATCH = YES;
				"CODE_SIGN_IDENTITY[sdk=iphoneos*]" = "iPhone Developer";
				COPY_PHASE_STRIP = YES;
				ENABLE_NS_ASSERTIONS = NO;
				ENABLE_STRICT_OBJC_MSGSEND = YES;
				GCC_C_LANGUAGE_STANDARD = gnu99;
				GCC_WARN_64_TO_32_BIT_CONVERSION = YES;
				GCC_WARN_ABOUT_RETURN_TYPE = YES_ERROR;
				GCC_WARN_UNDECLARED_SELECTOR = YES;
				GCC_WARN_UNINITIALIZED_AUTOS = YES_AGGRESSIVE;
				GCC_WARN_UNUSED_FUNCTION = YES;
				GCC_WARN_UNUSED_VARIABLE = YES;
				IPHONEOS_DEPLOYMENT_TARGET = 8.1;
				MTL_ENABLE_DEBUG_INFO = NO;
				SDKROOT = iphoneos;
				VALIDATE_PRODUCT = YES;
			};
			name = Release;
		};
		D176468E1A6ABAF90074999B /* Debug */ = {
			isa = XCBuildConfiguration;
			buildSettings = {
				ASSETCATALOG_COMPILER_APPICON_NAME = AppIcon;
				INFOPLIST_FILE = Oaxaca/Info.plist;
				LD_RUNPATH_SEARCH_PATHS = "$(inherited) @executable_path/Frameworks";
				PRODUCT_NAME = "$(TARGET_NAME)";
			};
			name = Debug;
		};
		D176468F1A6ABAF90074999B /* Release */ = {
			isa = XCBuildConfiguration;
			buildSettings = {
				ASSETCATALOG_COMPILER_APPICON_NAME = AppIcon;
				INFOPLIST_FILE = Oaxaca/Info.plist;
				LD_RUNPATH_SEARCH_PATHS = "$(inherited) @executable_path/Frameworks";
				PRODUCT_NAME = "$(TARGET_NAME)";
			};
			name = Release;
		};
		D17646911A6ABAF90074999B /* Debug */ = {
			isa = XCBuildConfiguration;
			buildSettings = {
				BUNDLE_LOADER = "$(TEST_HOST)";
				FRAMEWORK_SEARCH_PATHS = (
					"$(SDKROOT)/Developer/Library/Frameworks",
					"$(inherited)",
				);
				GCC_PREPROCESSOR_DEFINITIONS = (
					"DEBUG=1",
					"$(inherited)",
				);
				INFOPLIST_FILE = OaxacaTests/Info.plist;
				LD_RUNPATH_SEARCH_PATHS = "$(inherited) @executable_path/Frameworks @loader_path/Frameworks";
				PRODUCT_NAME = "$(TARGET_NAME)";
				TEST_HOST = "$(BUILT_PRODUCTS_DIR)/Oaxaca.app/Oaxaca";
			};
			name = Debug;
		};
		D17646921A6ABAF90074999B /* Release */ = {
			isa = XCBuildConfiguration;
			buildSettings = {
				BUNDLE_LOADER = "$(TEST_HOST)";
				FRAMEWORK_SEARCH_PATHS = (
					"$(SDKROOT)/Developer/Library/Frameworks",
					"$(inherited)",
				);
				INFOPLIST_FILE = OaxacaTests/Info.plist;
				LD_RUNPATH_SEARCH_PATHS = "$(inherited) @executable_path/Frameworks @loader_path/Frameworks";
				PRODUCT_NAME = "$(TARGET_NAME)";
				TEST_HOST = "$(BUILT_PRODUCTS_DIR)/Oaxaca.app/Oaxaca";
			};
			name = Release;
		};
/* End XCBuildConfiguration section */

/* Begin XCConfigurationList section */
		D17646651A6ABAF90074999B /* Build configuration list for PBXProject "Oaxaca" */ = {
			isa = XCConfigurationList;
			buildConfigurations = (
				D176468B1A6ABAF90074999B /* Debug */,
				D176468C1A6ABAF90074999B /* Release */,
			);
			defaultConfigurationIsVisible = 0;
			defaultConfigurationName = Release;
		};
		D176468D1A6ABAF90074999B /* Build configuration list for PBXNativeTarget "Oaxaca" */ = {
			isa = XCConfigurationList;
			buildConfigurations = (
				D176468E1A6ABAF90074999B /* Debug */,
				D176468F1A6ABAF90074999B /* Release */,
			);
			defaultConfigurationIsVisible = 0;
		};
		D17646901A6ABAF90074999B /* Build configuration list for PBXNativeTarget "OaxacaTests" */ = {
			isa = XCConfigurationList;
			buildConfigurations = (
				D17646911A6ABAF90074999B /* Debug */,
				D17646921A6ABAF90074999B /* Release */,
			);
			defaultConfigurationIsVisible = 0;
		};
/* End XCConfigurationList section */
	};
	rootObject = D17646621A6ABAF90074999B /* Project object */;
}
